<?xml version="1.0" encoding="utf-8"?>
<Project ToolsVersion="4.0" xmlns="http://schemas.microsoft.com/developer/msbuild/2003">
  <ItemGroup>
    <Filter Include="來源檔案">
      <UniqueIdentifier>{4FC737F1-C7A5-4376-A066-2A32D752A2FF}</UniqueIdentifier>
      <Extensions>cpp;c;cc;cxx;def;odl;idl;hpj;bat;asm;asmx</Extensions>
    </Filter>
    <Filter Include="標頭檔">
      <UniqueIdentifier>{93995380-89BD-4b04-88EB-625FBE52EBFB}</UniqueIdentifier>
      <Extensions>h;hh;hpp;hxx;hm;inl;inc;ipp;xsd</Extensions>
    </Filter>
    <Filter Include="資源檔">
      <UniqueIdentifier>{67DA6AB6-F800-4c08-8B7A-83BB121AAD01}</UniqueIdentifier>
      <Extensions>rc;ico;cur;bmp;dlg;rc2;rct;bin;rgs;gif;jpg;jpeg;jpe;resx;tiff;tif;png;wav;mfcribbon-ms</Extensions>
    </Filter>
    <Filter Include="OpenGL">
      <UniqueIdentifier>{16906aca-b0f2-45a5-a421-451cc3e4dee0}</UniqueIdentifier>
    </Filter>
  </ItemGroup>
  <ItemGroup>
    <ClCompile Include="main.cpp">
      <Filter>來源檔案</Filter>
    </ClCompile>
    <ClCompile Include="Sprite2D.cpp">
      <Filter>來源檔案</Filter>
    </ClCompile>
    <ClCompile Include="SpriteObject.cpp">
      <Filter>來源檔案</Filter>
    </ClCompile>
    <ClCompile Include="Marco.cpp">
      <Filter>來源檔案</Filter>
    </ClCompile>
    <ClCompile Include="Scene.cpp">
      <Filter>來源檔案</Filter>
    </ClCompile>
    <ClCompile Include="Object.cpp">
      <Filter>來源檔案</Filter>
    </ClCompile>
    <ClCompile Include="PointSprite.cpp">
      <Filter>來源檔案</Filter>
    </ClCompile>
    <ClCompile Include="FrameEffectManager.cpp">
      <Filter>來源檔案</Filter>
    </ClCompile>
    <ClCompile Include="Enemy.cpp">
      <Filter>來源檔案</Filter>
    </ClCompile>
    <ClCompile Include="MarcoAttack.cpp">
      <Filter>來源檔案</Filter>
    </ClCompile>
    <ClCompile Include="NumberObject.cpp">
      <Filter>來源檔案</Filter>
    </ClCompile>
    <ClCompile Include="EnemyAttack.cpp">
      <Filter>來源檔案</Filter>
    </ClCompile>
    <ClCompile Include="DotLight.cpp">
      <Filter>來源檔案</Filter>
    </ClCompile>
  </ItemGroup>
  <ItemGroup>
    <ClInclude Include="vgl.h">
      <Filter>OpenGL</Filter>
    </ClInclude>
    <ClInclude Include="Sprite2D.h">
      <Filter>標頭檔</Filter>
    </ClInclude>
    <ClInclude Include="SpriteObject.h">
      <Filter>標頭檔</Filter>
    </ClInclude>
    <ClInclude Include="Marco.h">
      <Filter>標頭檔</Filter>
    </ClInclude>
    <ClInclude Include="ShaderFunction.h">
      <Filter>標頭檔</Filter>
    </ClInclude>
    <ClInclude Include="Scene.h">
      <Filter>標頭檔</Filter>
    </ClInclude>
    <ClInclude Include="Object.h">
      <Filter>標頭檔</Filter>
    </ClInclude>
    <ClInclude Include="PointSprite.h">
      <Filter>標頭檔</Filter>
    </ClInclude>
    <ClInclude Include="FrameEffectManager.h">
      <Filter>標頭檔</Filter>
    </ClInclude>
    <ClInclude Include="Enemy.h">
      <Filter>標頭檔</Filter>
    </ClInclude>
    <ClInclude Include="MarcoAttack.h">
      <Filter>標頭檔</Filter>
    </ClInclude>
    <ClInclude Include="NumberObject.h">
      <Filter>標頭檔</Filter>
    </ClInclude>
    <ClInclude Include="EnemyAttack.h">
      <Filter>標頭檔</Filter>
    </ClInclude>
    <ClInclude Include="DotLight.h">
      <Filter>標頭檔</Filter>
    </ClInclude>
  </ItemGroup>
</Project>